dependencies:
- name: postgresql
  repository: https://charts.bitnami.com/bitnami
  version: 12.2.2
- name: postgresql
  repository: https://charts.bitnami.com/bitnami
  version: 12.2.2
digest: sha256:c10e84618971a6c6fee90c5c1c92b2425722104bb27f9be932e8a1786041a9fe
generated: "2023-10-12T19:27:36.142383+03:00"
